{
    "_meta": {
        "hash": {
            "sha256": "49d8e88e67c4e780607dbd094656c68b7c9074aa6b7a414cc77912db172e4c77"
        },
        "pipfile-spec": 6,
        "requires": {
            "python_version": "3.13"
        },
        "sources": [
            {
                "name": "pypi",
                "url": "https://pypi.org/simple",
                "verify_ssl": true
            }
        ]
    },
    "default": {
        "annotated-types": {
            "hashes": [
                "sha256:1f02e8b43a8fbbc3f3e0d4f0f4bfc8131bcb4eebe8849b8e5c773f3a1c582a53",
                "sha256:aff07c09a53a08bc8cfccb9c85b05f1aa9a2a6f23728d790723543408344ce89"
            ],
            "markers": "python_version >= '3.8'",
            "version": "==0.7.0"
        },
        "anydi": {
            "hashes": [
                "sha256:00d76d4fcbd47da59d49db2418e188a79d2d7397140f6577e8a672659a7a9abc",
                "sha256:c8ceb4773718041998e2ad581ad7ebfd477c9e9eae57f8b3d39c87d2dde057c6"
            ],
            "markers": "python_full_version >= '3.10.0' and python_version < '3.15'",
            "version": "==0.53.0"
        },
        "anydi-django": {
            "extras": [
                "ninja"
            ],
            "hashes": [
                "sha256:873ae94dd43ffb183ec8051d3c6cd07e3bb45955fa6dfb9bdb20ef977590569d",
                "sha256:e3fbe7fb5ba0e414122dded3ae5b0a1bc81524ed7573c9774c26cb232a922107"
            ],
            "markers": "python_version >= '3.10'",
            "version": "==0.2.0"
        },
        "anyio": {
            "hashes": [
                "sha256:0287e96f4d26d4149305414d4e3bc32f0dcd0862365a4bddea19d7a1ec38c4fc",
                "sha256:82a8d0b81e318cc5ce71a5f1f8b5c4e63619620b63141ef8c995fa0db95a57c4"
            ],
            "markers": "python_version >= '3.9'",
            "version": "==4.11.0"
        },
        "asgiref": {
            "hashes": [
                "sha256:aef8a81283a34d0ab31630c9b7dfe70c812c95eba78171367ca8745e88124734",
                "sha256:d89f2d8cd8b56dada7d52fa7dc8075baa08fb836560710d38c292a7a3f78c04e"
            ],
            "markers": "python_version >= '3.9'",
            "version": "==3.10.0"
        },
        "astral": {
            "hashes": [
                "sha256:9b7c3b412e9e69d172cfb24be0e6addcc9f1bd01a28db8bebe66d75ccc533d88",
                "sha256:cb7b49a3f0d4c64ae666be131276d2a3226134c598db10e672028cf8ff855f83"
            ],
            "index": "pypi",
            "markers": "python_version >= '3.7' and python_version < '4.0'",
            "version": "==3.2"
        },
        "click": {
            "hashes": [
                "sha256:9b9f285302c6e3064f4330c05f05b81945b2a39544279343e6e7c5f27a9baddc",
                "sha256:e7b8232224eba16f4ebe410c25ced9f7875cb5f3263ffc93cc3e8da705e229c4"
            ],
            "markers": "python_version >= '3.10'",
            "version": "==8.3.0"
        },
        "colorama": {
            "hashes": [
                "sha256:08695f5cb7ed6e0531a20572697297273c47b8cae5a63ffc6d6ed5c201be6e44",
                "sha256:4f1d9991f5acc0ca119f9d443620b77f9d6b33703e51011c16baf57afb285fc6"
            ],
            "markers": "python_version >= '2.7' and python_version not in '3.0, 3.1, 3.2, 3.3, 3.4, 3.5, 3.6'",
            "version": "==0.4.6"
        },
        "django": {
            "hashes": [
                "sha256:23254866a5bb9a2cfa6004e8b809ec6246eba4b58a7589bc2772f1bcc8456c7f",
                "sha256:37e687f7bd73ddf043e2b6b97cfe02fcbb11f2dbb3adccc6a2b18c6daa054d7f"
            ],
            "index": "pypi",
            "markers": "python_version >= '3.10'",
            "version": "==5.2.8"
        },
        "django-cors-headers": {
            "hashes": [
                "sha256:15c7f20727f90044dcee2216a9fd7303741a864865f0c3657e28b7056f61b449",
                "sha256:fe5d7cb59fdc2c8c646ce84b727ac2bca8912a247e6e68e1fb507372178e59e8"
            ],
            "index": "pypi",
            "markers": "python_version >= '3.9'",
            "version": "==4.9.0"
        },
        "django-ninja": {
            "hashes": [
                "sha256:181bc8266a684be8c4cdd8f555d8ccbbc72e9fad86a5928ddccdd13faf73a1c5",
                "sha256:e305fc42588406a202d4479263b501813ec863a3a4e11cb091fb905ecdf9bc62"
            ],
            "index": "pypi",
            "markers": "python_version >= '3.7'",
            "version": "==1.5.0"
        },
        "djangorestframework": {
            "hashes": [
                "sha256:166809528b1aced0a17dc66c24492af18049f2c9420dbd0be29422029cfc3ff7",
                "sha256:33a59f47fb9c85ede792cbf88bde71893bcda0667bc573f784649521f1102cec"
            ],
            "markers": "python_version >= '3.9'",
            "version": "==3.16.1"
        },
        "djangorestframework-simplejwt": {
            "hashes": [
                "sha256:2c30f3707053d384e9f315d11c2daccfcb548d4faa453111ca19a542b732e469",
                "sha256:e72c5572f51d7803021288e2057afcbd03f17fe11d484096f40a460abc76e87f"
            ],
            "index": "pypi",
            "markers": "python_version >= '3.9'",
            "version": "==5.5.1"
        },
        "gunicorn": {
            "hashes": [
                "sha256:ec400d38950de4dfd418cff8328b2c8faed0edb0d517d3394e457c317908ca4d",
                "sha256:f014447a0101dc57e294f6c18ca6b40227a4c90e9bdb586042628030cba004ec"
            ],
            "index": "pypi",
            "markers": "python_version >= '3.7'",
            "version": "==23.0.0"
        },
        "h11": {
            "hashes": [
                "sha256:4e35b956cf45792e4caa5885e69fba00bdbc6ffafbfa020300e549b208ee5ff1",
                "sha256:63cf8bbe7522de3bf65932fda1d9c2772064ffb3dae62d55932da54b31cb6c86"
            ],
            "markers": "python_version >= '3.8'",
            "version": "==0.16.0"
        },
        "idna": {
            "hashes": [
                "sha256:771a87f49d9defaf64091e6e6fe9c18d4833f140bd19464795bc32d966ca37ea",
                "sha256:795dafcc9c04ed0c1fb032c2aa73654d8e8c5023a7df64a53f39190ada629902"
            ],
            "markers": "python_version >= '3.8'",
            "version": "==3.11"
        },
        "orjson": {
            "hashes": [
                "sha256:01ee5487fefee21e6910da4c2ee9eef005bee568a0879834df86f888d2ffbdd9",
                "sha256:03bfa548cf35e3f8b3a96c4e8e41f753c686ff3d8e182ce275b1751deddab58c",
                "sha256:04b69c14615fb4434ab867bf6f38b2d649f6f300af30a6705397e895f7aec67a",
                "sha256:09bf242a4af98732db9f9a1ec57ca2604848e16f132e3f72edfd3c5c96de009a",
                "sha256:0a54d6635fa3aaa438ae32e8570b9f0de36f3f6562c308d2a2a452e8b0592db1",
                "sha256:0b2eba969ea4203c177c7b38b36c69519e6067ee68c34dc37081fac74c796e10",
                "sha256:0baa0ea43cfa5b008a28d3c07705cf3ada40e5d347f0f44994a64b1b7b4b5350",
                "sha256:1469d254b9884f984026bd9b0fa5bbab477a4bfe558bba6848086f6d43eb5e73",
                "sha256:149d95d5e018bdd822e3f38c103b1a7c91f88d38a88aada5c4e9b3a73a244241",
                "sha256:1e3704d35e47d5bee811fb1cbd8599f0b4009b14d451c4c57be5a7e25eb89a13",
                "sha256:1e539e382cf46edec157ad66b0b0872a90d829a6b71f17cb633d6c160a223155",
                "sha256:23ef7abc7fca96632d8174ac115e668c1e931b8fe4dde586e92a500bf1914dcc",
                "sha256:26a20f3fbc6c7ff2cb8e89c4c5897762c9d88cf37330c6a117312365d6781d54",
                "sha256:2c82e4f0b1c712477317434761fbc28b044c838b6b1240d895607441412371ac",
                "sha256:2d6737d0e616a6e053c8b4acc9eccea6b6cce078533666f32d140e4f85002534",
                "sha256:3740bffd9816fc0326ddc406098a3a8f387e42223f5f455f2a02a9f834ead80c",
                "sha256:38aa9e65c591febb1b0aed8da4d469eba239d434c218562df179885c94e1a3ad",
                "sha256:39485f4ab4c9b30a3943cfe99e1a213c4776fb69e8abd68f66b83d5a0b0fdc6d",
                "sha256:3b2427ed5791619851c52a1261b45c233930977e7de8cf36de05636c708fa905",
                "sha256:3c36e524af1d29982e9b190573677ea02781456b2e537d5840e4538a5ec41907",
                "sha256:3d40d46f348c0321df01507f92b95a377240c4ec31985225a6668f10e2676f9a",
                "sha256:3e0a700c4b82144b72946b6629968df9762552ee1344bfdb767fecdd634fbd5a",
                "sha256:405261b0a8c62bcbd8e2931c26fdc08714faf7025f45531541e2b29e544b545b",
                "sha256:41bf25fb39a34cf8edb4398818523277ee7096689db352036a9e8437f2f3ee6b",
                "sha256:42d43a1f552be1a112af0b21c10a5f553983c2a0938d2bbb8ecd8bc9fb572803",
                "sha256:4806363144bb6e7297b8e95870e78d30a649fdc4e23fc84daa80c8ebd366ce44",
                "sha256:525021896afef44a68148f6ed8a8bf8375553d6066c7f48537657f64823565b9",
                "sha256:5c3aedecfc1beb988c27c79d52ebefab93b6c3921dbec361167e6559aba2d36d",
                "sha256:5c8b2769dc31883c44a9cd126560327767f848eb95f99c36c9932f51090bfce9",
                "sha256:5d7feb0741ebb15204e748f26c9638e6665a5fa93c37a2c73d64f1669b0ddc63",
                "sha256:5e59d23cd93ada23ec59a96f215139753fbfe3a4d989549bcb390f8c00370b39",
                "sha256:600e0e9ca042878c7fdf189cf1b028fe2c1418cc9195f6cb9824eb6ed99cb938",
                "sha256:622463ab81d19ef3e06868b576551587de8e4d518892d1afab71e0fbc1f9cffc",
                "sha256:624f3951181eb46fc47dea3d221554e98784c823e7069edb5dbd0dc826ac909b",
                "sha256:639c3735b8ae7f970066930e58cf0ed39a852d417c24acd4a25fc0b3da3c39a6",
                "sha256:65fd2f5730b1bf7f350c6dc896173d3460d235c4be007af73986d7cd9a2acd23",
                "sha256:68e44722541983614e37117209a194e8c3ad07838ccb3127d96863c95ec7f1e0",
                "sha256:6bb6bb41b14c95d4f2702bce9975fda4516f1db48e500102fc4d8119032ff045",
                "sha256:6c13879c0d2964335491463302a6ca5ad98105fc5db3565499dcb80b1b4bd839",
                "sha256:6e18a5c15e764e5f3fc569b47872450b4bcea24f2a6354c0a0e95ad21045d5a9",
                "sha256:6e3f20be9048941c7ffa8fc523ccbd17f82e24df1549d1d1fe9317712d19938e",
                "sha256:724ca721ecc8a831b319dcd72cfa370cc380db0bf94537f08f7edd0a7d4e1780",
                "sha256:78b999999039db3cf58f6d230f524f04f75f129ba3d1ca2ed121f8657e575d3d",
                "sha256:7bbf9b333f1568ef5da42bc96e18bf30fd7f8d54e9ae066d711056add508e415",
                "sha256:80fd082f5dcc0e94657c144f1b2a3a6479c44ad50be216cf0c244e567f5eae19",
                "sha256:842289889de515421f3f224ef9c1f1efb199a32d76d8d2ca2706fa8afe749549",
                "sha256:87255b88756eab4a68ec61837ca754e5d10fa8bc47dc57f75cedfeaec358d54c",
                "sha256:8873812c164a90a79f65368f8f96817e59e35d0cc02786a5356f0e2abed78040",
                "sha256:89216ff3dfdde0e4070932e126320a1752c9d9a758d6a32ec54b3b9334991a6a",
                "sha256:8e7805fda9672c12be2f22ae124dcd7b03928d6c197544fe12174b86553f3196",
                "sha256:94f206766bf1ea30e1382e4890f763bd1eefddc580e08fec1ccdc20ddd95c827",
                "sha256:95713e5fc8af84d8edc75b785d2386f653b63d62b16d681687746734b4dfc0be",
                "sha256:977c393f2e44845ce1b540e19a786e9643221b3323dae190668a98672d43fb23",
                "sha256:97eb5942c7395a171cbfecc4ef6701fc3c403e762194683772df4c54cfbb2210",
                "sha256:9daa26ca8e97fae0ce8aa5d80606ef8f7914e9b129b6b5df9104266f764ce436",
                "sha256:9fdc3ae730541086158d549c97852e2eea6820665d4faf0f41bf99df41bc11ea",
                "sha256:a69ab657a4e6733133a3dca82768f2f8b884043714e8d2b9ba9f52b6efef5c44",
                "sha256:a85f0adf63319d6c1ba06fb0dbf997fced64a01179cf17939a6caca662bf92de",
                "sha256:aac364c758dc87a52e68e349924d7e4ded348dedff553889e4d9f22f74785316",
                "sha256:ad355e8308493f527d41154e9053b86a5be892b3b359a5c6d5d95cda23601cb2",
                "sha256:ad73ede24f9083614d6c4ca9a85fe70e33be7bf047ec586ee2363bc7418fe4d7",
                "sha256:af02ff34059ee9199a3546f123a6ab4c86caf1708c79042caf0820dc290a6d4f",
                "sha256:afb14052690aa328cc118a8e09f07c651d301a72e44920b887c519b313d892ff",
                "sha256:b13c478fa413d4b4ee606ec8e11c3b2e52683a640b006bb586b3041c2ca5f606",
                "sha256:b58430396687ce0f7d9eeb3dd47761ca7d8fda8e9eb92b3077a7a353a75efefa",
                "sha256:bba5118143373a86f91dadb8df41d9457498226698ebdf8e11cbb54d5b0e802d",
                "sha256:bfc2a484cad3585e4ba61985a6062a4c2ed5c7925db6d39f1fa267c9d166487f",
                "sha256:c6dbf422894e1e3c80a177133c0dda260f81428f9de16d61041949f6a2e5c140",
                "sha256:c8a7517482667fb9f0ff1b2f16fe5829296ed7a655d04d68cd9711a4d8a4e708",
                "sha256:caa447f2b5356779d914658519c874cf3b7629e99e63391ed519c28c8aea4919",
                "sha256:d38d2bc06d6415852224fcc9c0bfa834c25431e466dc319f0edd56cca81aa96e",
                "sha256:d4371de39319d05d3f482f372720b841c841b52f5385bd99c61ed69d55d9ab50",
                "sha256:d58c166a18f44cc9e2bad03a327dc2d1a3d2e85b847133cfbafd6bfc6719bd79",
                "sha256:d5c54a6d76e3d741dcc3f2707f8eeb9ba2a791d3adbf18f900219b62942803b1",
                "sha256:d63076d625babab9db5e7836118bdfa086e60f37d8a174194ae720161eb12394",
                "sha256:da9e5301f1c2caa2a9a4a303480d79c9ad73560b2e7761de742ab39fe59d9175",
                "sha256:e10b4d65901da88845516ce9f7f9736f9638d19a1d483b3883dc0182e6e5edba",
                "sha256:e2985ce8b8c42d00492d0ed79f2bd2b6460d00f2fa671dfde4bf2e02f49bf5c6",
                "sha256:e2d5d5d798aba9a0e1fede8d853fa899ce2cb930ec0857365f700dffc2c7af6a",
                "sha256:e34dbd508cb91c54f9c9788923daca129fe5b55c5b4eebe713bf5ed3791280cf",
                "sha256:e3aa2118a3ece0d25489cbe48498de8a5d580e42e8d9979f65bf47900a15aba1",
                "sha256:e41fd3b3cac850eaae78232f37325ed7d7436e11c471246b87b2cd294ec94853",
                "sha256:f28485bdca8617b79d44627f5fb04336897041dfd9fa66d383a49d09d86798bc",
                "sha256:f2cf4dfaf9163b0728d061bebc1e08631875c51cd30bf47cb9e3293bfbd7dcd5",
                "sha256:fa9627eba4e82f99ca6d29bc967f09aba446ee2b5a1ea728949ede73d313f5d3",
                "sha256:fb1c37c71cad991ef4d89c7a634b5ffb4447dbd7ae3ae13e8f5ee7f1775e7ab1",
                "sha256:fb6a03a678085f64b97f9d4a9ae69376ce91a3a9e9b56a82b1580d8e1d501aff"
            ],
            "index": "pypi",
            "markers": "python_version >= '3.9'",
            "version": "==3.11.4"
        },
        "packaging": {
            "hashes": [
                "sha256:29572ef2b1f17581046b3a2227d5c611fb25ec70ca1ba8554b24b0e69331a484",
                "sha256:d443872c98d677bf60f6a1f2f8c1cb748e8fe762d2bf9d3148b5599295b0fc4f"
            ],
            "markers": "python_version >= '3.8'",
            "version": "==25.0"
        },
        "psycopg2-binary": {
            "hashes": [
                "sha256:00ce1830d971f43b667abe4a56e42c1e2d594b32da4802e44a73bacacb25535f",
                "sha256:04195548662fa544626c8ea0f06561eb6203f1984ba5b4562764fbeb4c3d14b1",
                "sha256:0da4de5c1ac69d94ed4364b6cbe7190c1a70d325f112ba783d83f8440285f152",
                "sha256:0e8480afd62362d0a6a27dd09e4ca2def6fa50ed3a4e7c09165266106b2ffa10",
                "sha256:20e7fb94e20b03dcc783f76c0865f9da39559dcc0c28dd1a3fce0d01902a6b9c",
                "sha256:2c226ef95eb2250974bf6fa7a842082b31f68385c4f3268370e3f3870e7859ee",
                "sha256:2d11098a83cca92deaeaed3d58cfd150d49b3b06ee0d0852be466bf87596899e",
                "sha256:2e164359396576a3cc701ba8af4751ae68a07235d7a380c631184a611220d9a4",
                "sha256:304fd7b7f97eef30e91b8f7e720b3db75fee010b520e434ea35ed1ff22501d03",
                "sha256:31b32c457a6025e74d233957cc9736742ac5a6cb196c6b68499f6bb51390bd6a",
                "sha256:32770a4d666fbdafab017086655bcddab791d7cb260a16679cc5a7338b64343b",
                "sha256:366df99e710a2acd90efed3764bb1e28df6c675d33a7fb40df9b7281694432ee",
                "sha256:37d8412565a7267f7d79e29ab66876e55cb5e8e7b3bbf94f8206f6795f8f7e7e",
                "sha256:4012c9c954dfaccd28f94e84ab9f94e12df76b4afb22331b1f0d3154893a6316",
                "sha256:41360b01c140c2a03d346cec3280cf8a71aa07d94f3b1509fa0161c366af66b4",
                "sha256:44fc5c2b8fa871ce7f0023f619f1349a0aa03a0857f2c96fbc01c657dcbbdb49",
                "sha256:47f212c1d3be608a12937cc131bd85502954398aaa1320cb4c14421a0ffccf4c",
                "sha256:4bdab48575b6f870f465b397c38f1b415520e9879fdf10a53ee4f49dcbdf8a21",
                "sha256:4dca1f356a67ecb68c81a7bc7809f1569ad9e152ce7fd02c2f2036862ca9f66b",
                "sha256:5c6ff3335ce08c75afaed19e08699e8aacf95d4a260b495a4a8545244fe2ceb3",
                "sha256:5f3f2732cf504a1aa9e9609d02f79bea1067d99edf844ab92c247bbca143303b",
                "sha256:62b6d93d7c0b61a1dd6197d208ab613eb7dcfdcca0a49c42ceb082257991de9d",
                "sha256:691c807d94aecfbc76a14e1408847d59ff5b5906a04a23e12a89007672b9e819",
                "sha256:763c93ef1df3da6d1a90f86ea7f3f806dc06b21c198fa87c3c25504abec9404a",
                "sha256:84011ba3109e06ac412f95399b704d3d6950e386b7994475b231cf61eec2fc1f",
                "sha256:865f9945ed1b3950d968ec4690ce68c55019d79e4497366d36e090327ce7db14",
                "sha256:875039274f8a2361e5207857899706da840768e2a775bf8c65e82f60b197df02",
                "sha256:8b81627b691f29c4c30a8f322546ad039c40c328373b11dff7490a3e1b517855",
                "sha256:8c55b385daa2f92cb64b12ec4536c66954ac53654c7f15a203578da4e78105c0",
                "sha256:91537a8df2bde69b1c1db01d6d944c831ca793952e4f57892600e96cee95f2cd",
                "sha256:92e3b669236327083a2e33ccfa0d320dd01b9803b3e14dd986a4fc54aa00f4e1",
                "sha256:9b52a3f9bb540a3e4ec0f6ba6d31339727b2950c9772850d6545b7eae0b9d7c5",
                "sha256:9bd81e64e8de111237737b29d68039b9c813bdf520156af36d26819c9a979e5f",
                "sha256:9c55460033867b4622cda1b6872edf445809535144152e5d14941ef591980edf",
                "sha256:9d3a9edcfbe77a3ed4bc72836d466dfce4174beb79eda79ea155cc77237ed9e8",
                "sha256:a1cf393f1cdaf6a9b57c0a719a1068ba1069f022a59b8b1fe44b006745b59757",
                "sha256:a28d8c01a7b27a1e3265b11250ba7557e5f72b5ee9e5f3a2fa8d2949c29bf5d2",
                "sha256:a311f1edc9967723d3511ea7d2708e2c3592e3405677bf53d5c7246753591fbb",
                "sha256:a6c0e4262e089516603a09474ee13eabf09cb65c332277e39af68f6233911087",
                "sha256:ab8905b5dcb05bf3fb22e0cf90e10f469563486ffb6a96569e51f897c750a76a",
                "sha256:b31e90fdd0f968c2de3b26ab014314fe814225b6c324f770952f7d38abf17e3c",
                "sha256:b33fabeb1fde21180479b2d4667e994de7bbf0eec22832ba5d9b5e4cf65b6c6d",
                "sha256:b637d6d941209e8d96a072d7977238eea128046effbf37d1d8b2c0764750017d",
                "sha256:b6aed9e096bf63f9e75edf2581aa9a7e7186d97ab5c177aa6c87797cd591236c",
                "sha256:b8fb3db325435d34235b044b199e56cdf9ff41223a4b9752e8576465170bb38c",
                "sha256:ba34475ceb08cccbdd98f6b46916917ae6eeb92b5ae111df10b544c3a4621dc4",
                "sha256:be9b840ac0525a283a96b556616f5b4820e0526addb8dcf6525a0fa162730be4",
                "sha256:bf940cd7e7fec19181fdbc29d76911741153d51cab52e5c21165f3262125685e",
                "sha256:c0377174bf1dd416993d16edc15357f6eb17ac998244cca19bc67cdc0e2e5766",
                "sha256:c3cb3a676873d7506825221045bd70e0427c905b9c8ee8d6acd70cfcbd6e576d",
                "sha256:c47676e5b485393f069b4d7a811267d3168ce46f988fa602658b8bb901e9e64d",
                "sha256:c665f01ec8ab273a61c62beeb8cce3014c214429ced8a308ca1fc410ecac3a39",
                "sha256:cffe9d7697ae7456649617e8bb8d7a45afb71cd13f7ab22af3e5c61f04840908",
                "sha256:d526864e0f67f74937a8fce859bd56c979f5e2ec57ca7c627f5f1071ef7fee60",
                "sha256:d57c9c387660b8893093459738b6abddbb30a7eab058b77b0d0d1c7d521ddfd7",
                "sha256:d6fe6b47d0b42ce1c9f1fa3e35bb365011ca22e39db37074458f27921dca40f2",
                "sha256:db4fd476874ccfdbb630a54426964959e58da4c61c9feba73e6094d51303d7d8",
                "sha256:e0deeb03da539fa3577fcb0b3f2554a97f7e5477c246098dbb18091a4a01c16f",
                "sha256:e35b7abae2b0adab776add56111df1735ccc71406e56203515e228a8dc07089f",
                "sha256:ebb415404821b6d1c47353ebe9c8645967a5235e6d88f914147e7fd411419e6f",
                "sha256:edcb3aeb11cb4bf13a2af3c53a15b3d612edeb6409047ea0b5d6a21a9d744b34",
                "sha256:ef7a6beb4beaa62f88592ccc65df20328029d721db309cb3250b0aae0fa146c3",
                "sha256:efff12b432179443f54e230fdf60de1f6cc726b6c832db8701227d089310e8aa",
                "sha256:f07c9c4a5093258a03b28fab9b4f151aa376989e7f35f855088234e656ee6a94",
                "sha256:f090b7ddd13ca842ebfe301cd587a76a4cf0913b1e429eb92c1be5dbeb1a19bc",
                "sha256:fa0f693d3c68ae925966f0b14b8edda71696608039f4ed61b1fe9ffa468d16db",
                "sha256:fcf21be3ce5f5659daefd2b3b3b6e4727b028221ddc94e6c1523425579664747"
            ],
            "index": "pypi",
            "markers": "python_version >= '3.9'",
            "version": "==2.9.11"
        },
        "pydantic": {
            "hashes": [
                "sha256:0f8cb9555000a4b5b617f66bfd2566264c4984b27589d3b845685983e8ea85ac",
                "sha256:92d3d202a745d46f9be6df459ac5a064fdaa3c1c4cd8adcfa332ccf3c05f871e"
            ],
            "markers": "python_version >= '3.9'",
            "version": "==2.12.4"
        },
        "pydantic-core": {
            "hashes": [
                "sha256:0177272f88ab8312479336e1d777f6b124537d47f2123f89cb37e0accea97f90",
                "sha256:01a3d0ab748ee531f4ea6c3e48ad9dac84ddba4b0d82291f87248f2f9de8d740",
                "sha256:0384e2e1021894b1ff5a786dbf94771e2986ebe2869533874d7e43bc79c6f504",
                "sha256:03b77d184b9eb40240ae9fd676ca364ce1085f203e1b1256f8ab9984dca80a84",
                "sha256:03ca43e12fab6023fc79d28ca6b39b05f794ad08ec2feccc59a339b02f2b3d33",
                "sha256:05a2c8852530ad2812cb7914dc61a1125dc4e06252ee98e5638a12da6cc6fb6c",
                "sha256:070259a8818988b9a84a449a2a7337c7f430a22acc0859c6b110aa7212a6d9c0",
                "sha256:08daa51ea16ad373ffd5e7606252cc32f07bc72b28284b6bc9c6df804816476e",
                "sha256:0cbaad15cb0c90aa221d43c00e77bb33c93e8d36e0bf74760cd00e732d10a6a0",
                "sha256:100baa204bb412b74fe285fb0f3a385256dad1d1879f0a5cb1499ed2e83d132a",
                "sha256:112e305c3314f40c93998e567879e887a3160bb8689ef3d2c04b6cc62c33ac34",
                "sha256:16f80f7abe3351f8ea6858914ddc8c77e02578544a0ebc15b4c2e1a0e813b0b2",
                "sha256:1746d4a3d9a794cacae06a5eaaccb4b8643a131d45fbc9af23e353dc0a5ba5c3",
                "sha256:1962293292865bca8e54702b08a4f26da73adc83dd1fcf26fbc875b35d81c815",
                "sha256:1d1d9764366c73f996edd17abb6d9d7649a7eb690006ab6adbda117717099b14",
                "sha256:1f8d33a7f4d5a7889e60dc39856d76d09333d8a6ed0f5f1190635cbec70ec4ba",
                "sha256:22f0fb8c1c583a3b6f24df2470833b40207e907b90c928cc8d3594b76f874375",
                "sha256:239edca560d05757817c13dc17c50766136d21f7cd0fac50295499ae24f90fdf",
                "sha256:242a206cd0318f95cd21bdacff3fcc3aab23e79bba5cac3db5a841c9ef9c6963",
                "sha256:25e1c2af0fce638d5f1988b686f3b3ea8cd7de5f244ca147c777769e798a9cd1",
                "sha256:266fb4cbf5e3cbd0b53669a6d1b039c45e3ce651fd5442eff4d07c2cc8d66808",
                "sha256:2782c870e99878c634505236d81e5443092fba820f0373997ff75f90f68cd553",
                "sha256:287dad91cfb551c363dc62899a80e9e14da1f0e2b6ebde82c806612ca2a13ef1",
                "sha256:29452c56df2ed968d18d7e21f4ab0ac55e71dc59524872f6fc57dcf4a3249ed2",
                "sha256:299e0a22e7ae2b85c1a57f104538b2656e8ab1873511fd718a1c1c6f149b77b5",
                "sha256:2a5e06546e19f24c6a96a129142a75cee553cc018ffee48a460059b1185f4470",
                "sha256:2b761d210c9ea91feda40d25b4efe82a1707da2ef62901466a42492c028553a2",
                "sha256:2c010c6ded393148374c0f6f0bf89d206bf3217f201faa0635dcd56bd1520f6b",
                "sha256:2ff4321e56e879ee8d2a879501c8e469414d948f4aba74a2d4593184eb326660",
                "sha256:3006c3dd9ba34b0c094c544c6006cc79e87d8612999f1a5d43b769b89181f23c",
                "sha256:33cb885e759a705b426baada1fe68cbb0a2e68e34c5d0d0289a364cf01709093",
                "sha256:346285d28e4c8017da95144c7f3acd42740d637ff41946af5ce6e5e420502dd5",
                "sha256:34a64bc3441dc1213096a20fe27e8e128bd3ff89921706e83c0b1ac971276594",
                "sha256:35b44f37a3199f771c3eaa53051bc8a70cd7b54f333531c59e29fd4db5d15008",
                "sha256:378bec5c66998815d224c9ca994f1e14c0c21cb95d2f52b6021cc0b2a58f2a5a",
                "sha256:3f37a19d7ebcdd20b96485056ba9e8b304e27d9904d233d7b1015db320e51f0a",
                "sha256:3f84d5c1b4ab906093bdc1ff10484838aca54ef08de4afa9de0f5f14d69639cd",
                "sha256:4009935984bd36bd2c774e13f9a09563ce8de4abaa7226f5108262fa3e637284",
                "sha256:406bf18d345822d6c21366031003612b9c77b3e29ffdb0f612367352aab7d586",
                "sha256:4819fa52133c9aa3c387b3328f25c1facc356491e6135b459f1de698ff64d869",
                "sha256:482c982f814460eabe1d3bb0adfdc583387bd4691ef00b90575ca0d2b6fe2294",
                "sha256:4bc36bbc0b7584de96561184ad7f012478987882ebf9f9c389b23f432ea3d90f",
                "sha256:506d766a8727beef16b7adaeb8ee6217c64fc813646b424d0804d67c16eddb66",
                "sha256:56121965f7a4dc965bff783d70b907ddf3d57f6eba29b6d2e5dabfaf07799c51",
                "sha256:58133647260ea01e4d0500089a8c4f07bd7aa6ce109682b1426394988d8aaacc",
                "sha256:5921a4d3ca3aee735d9fd163808f5e8dd6c6972101e4adbda9a4667908849b97",
                "sha256:5a4e67afbc95fa5c34cf27d9089bca7fcab4e51e57278d710320a70b956d1b9a",
                "sha256:5cb1b2f9742240e4bb26b652a5aeb840aa4b417c7748b6f8387927bc6e45e40d",
                "sha256:62de39db01b8d593e45871af2af9e497295db8d73b085f6bfd0b18c83c70a8f9",
                "sha256:634e8609e89ceecea15e2d61bc9ac3718caaaa71963717bf3c8f38bfde64242c",
                "sha256:63510af5e38f8955b8ee5687740d6ebf7c2a0886d15a6d65c32814613681bc07",
                "sha256:650ae77860b45cfa6e2cdafc42618ceafab3a2d9a3811fcfbd3bbf8ac3c40d36",
                "sha256:6561e94ba9dacc9c61bce40e2d6bdc3bfaa0259d3ff36ace3b1e6901936d2e3e",
                "sha256:65840751b72fbfd82c3c640cff9284545342a4f1eb1586ad0636955b261b0b05",
                "sha256:6cb58b9c66f7e4179a2d5e0f849c48eff5c1fca560994d6eb6543abf955a149e",
                "sha256:6f52298fbd394f9ed112d56f3d11aabd0d5bd27beb3084cc3d8ad069483b8941",
                "sha256:707625ef0983fcfb461acfaf14de2067c5942c6bb0f3b4c99158bed6fedd3cf3",
                "sha256:72f6c8b11857a856bcfa48c86f5368439f74453563f951e473514579d44aa612",
                "sha256:753e230374206729bf0a807954bcc6c150d3743928a73faffee51ac6557a03c3",
                "sha256:76d0819de158cd855d1cbb8fcafdf6f5cf1eb8e470abe056d5d161106e38062b",
                "sha256:76ee27c6e9c7f16f47db7a94157112a2f3a00e958bc626e2f4ee8bec5c328fbe",
                "sha256:77b63866ca88d804225eaa4af3e664c5faf3568cea95360d21f4725ab6e07146",
                "sha256:79ec52ec461e99e13791ec6508c722742ad745571f234ea6255bed38c6480f11",
                "sha256:7b93a4d08587e2b7e7882de461e82b6ed76d9026ce91ca7915e740ecc7855f60",
                "sha256:7da7087d756b19037bc2c06edc6c170eeef3c3bafcb8f532ff17d64dc427adfd",
                "sha256:7f3bf998340c6d4b0c9a2f02d6a400e51f123b59565d74dc60d252ce888c260b",
                "sha256:80aa89cad80b32a912a65332f64a4450ed00966111b6615ca6816153d3585a8c",
                "sha256:8566def80554c3faa0e65ac30ab0932b9e3a5cd7f8323764303d468e5c37595a",
                "sha256:873e0d5b4fb9b89ef7c2d2a963ea7d02879d9da0da8d9d4933dee8ee86a8b460",
                "sha256:88942d3a3dff3afc8288c21e565e476fc278902ae4d6d134f1eeda118cc830b1",
                "sha256:8bfeaf8735be79f225f3fefab7f941c712aaca36f1128c9d7e2352ee1aa87bdf",
                "sha256:8e7c86f27c585ef37c35e56a96363ab8de4e549a95512445b85c96d3e2f7c1bf",
                "sha256:915c3d10f81bec3a74fbd4faebe8391013ba61e5a1a8d48c4455b923bdda7858",
                "sha256:93e8740d7503eb008aa2df04d3b9735f845d43ae845e6dcd2be0b55a2da43cd2",
                "sha256:941103c9be18ac8daf7b7adca8228f8ed6bb7a1849020f643b3a14d15b1924d9",
                "sha256:97aeba56665b4c3235a0e52b2c2f5ae9cd071b8a8310ad27bddb3f7fb30e9aa2",
                "sha256:a39455728aabd58ceabb03c90e12f71fd30fa69615760a075b9fec596456ccc3",
                "sha256:a3a52f6156e73e7ccb0f8cced536adccb7042be67cb45f9562e12b319c119da6",
                "sha256:a668ce24de96165bb239160b3d854943128f4334822900534f2fe947930e5770",
                "sha256:a75dafbf87d6276ddc5b2bf6fae5254e3d0876b626eb24969a574fff9149ee5d",
                "sha256:aabf5777b5c8ca26f7824cb4a120a740c9588ed58df9b2d196ce92fba42ff8dc",
                "sha256:aec5cf2fd867b4ff45b9959f8b20ea3993fc93e63c7363fe6851424c8a7e7c23",
                "sha256:b2379fa7ed44ddecb5bfe4e48577d752db9fc10be00a6b7446e9663ba143de26",
                "sha256:b4ececa40ac28afa90871c2cc2b9ffd2ff0bf749380fbdf57d165fd23da353aa",
                "sha256:b5819cd790dbf0c5eb9f82c73c16b39a65dd6dd4d1439dcdea7816ec9adddab8",
                "sha256:b74557b16e390ec12dca509bce9264c3bbd128f8a2c376eaa68003d7f327276d",
                "sha256:b80aa5095cd3109962a298ce14110ae16b8c1aece8b72f9dafe81cf597ad80b3",
                "sha256:b93590ae81f7010dbe380cdeab6f515902ebcbefe0b9327cc4804d74e93ae69d",
                "sha256:b96d5f26b05d03cc60f11a7761a5ded1741da411e7fe0909e27a5e6a0cb7b034",
                "sha256:bd3d54f38609ff308209bd43acea66061494157703364ae40c951f83ba99a1a9",
                "sha256:bfea2a5f0b4d8d43adf9d7b8bf019fb46fdd10a2e5cde477fbcb9d1fa08c68e1",
                "sha256:c007fe8a43d43b3969e8469004e9845944f1a80e6acd47c150856bb87f230c56",
                "sha256:c1df3d34aced70add6f867a8cf413e299177e0c22660cc767218373d0779487b",
                "sha256:c23e27686783f60290e36827f9c626e63154b82b116d7fe9adba1fda36da706c",
                "sha256:c8d8b4eb992936023be7dee581270af5c6e0697a8559895f527f5b7105ecd36a",
                "sha256:c9e19dd6e28fdcaa5a1de679aec4141f691023916427ef9bae8584f9c2fb3b0e",
                "sha256:d0d2568a8c11bf8225044aa94409e21da0cb09dcdafe9ecd10250b2baad531a9",
                "sha256:d38548150c39b74aeeb0ce8ee1d8e82696f4a4e16ddc6de7b1d8823f7de4b9b5",
                "sha256:d3a978c4f57a597908b7e697229d996d77a6d3c94901e9edee593adada95ce1a",
                "sha256:d5160812ea7a8a2ffbe233d8da666880cad0cbaf5d4de74ae15c313213d62556",
                "sha256:dc799088c08fa04e43144b164feb0c13f9a0bc40503f8df3e9fde58a3c0c101e",
                "sha256:df3959765b553b9440adfd3c795617c352154e497a4eaf3752555cfb5da8fc49",
                "sha256:dfa8a0c812ac681395907e71e1274819dec685fec28273a28905df579ef137e2",
                "sha256:e25c479382d26a2a41b7ebea1043564a937db462816ea07afa8a44c0866d52f9",
                "sha256:e4f4a984405e91527a0d62649ee21138f8e3d0ef103be488c1dc11a80d7f184b",
                "sha256:e536c98a7626a98feb2d3eaf75944ef6f3dbee447e1f841eae16f2f0a72d8ddc",
                "sha256:e56ba91f47764cc14f1daacd723e3e82d1a89d783f0f5afe9c364b8bb491ccdb",
                "sha256:e672ba74fbc2dc8eea59fb6d4aed6845e6905fc2a8afe93175d94a83ba2a01a0",
                "sha256:e7b576130c69225432866fe2f4a469a85a54ade141d96fd396dffcf607b558f8",
                "sha256:e8465ab91a4bd96d36dde3263f06caa6a8a6019e4113f24dc753d79a8b3a3f82",
                "sha256:e96cea19e34778f8d59fe40775a7a574d95816eb150850a85a7a4c8f4b94ac69",
                "sha256:ece5c59f0ce7d001e017643d8d24da587ea1f74f6993467d85ae8a5ef9d4f42b",
                "sha256:eceb81a8d74f9267ef4081e246ffd6d129da5d87e37a77c9bde550cb04870c1c",
                "sha256:ed2e99c456e3fadd05c991f8f437ef902e00eedf34320ba2b0842bd1c3ca3a75",
                "sha256:f0cd744688278965817fd0839c4a4116add48d23890d468bc436f78beb28abf5",
                "sha256:f14f8f046c14563f8eb3f45f499cc658ab8d10072961e07225e507adb700e93f",
                "sha256:f15489ba13d61f670dcc96772e733aad1a6f9c429cc27574c6cdaed82d0146ad",
                "sha256:f31d95a179f8d64d90f6831d71fa93290893a33148d890ba15de25642c5d075b",
                "sha256:f41a7489d32336dbf2199c8c0a215390a751c5b014c2c1c5366e817202e9cdf7",
                "sha256:f41eb9797986d6ebac5e8edff36d5cef9de40def462311b3eb3eeded1431e425",
                "sha256:f547144f2966e1e16ae626d8ce72b4cfa0caedc7fa28052001c94fb2fcaa1c52"
            ],
            "markers": "python_version >= '3.9'",
            "version": "==2.41.5"
        },
        "pyjwt": {
            "hashes": [
                "sha256:3cc5772eb20009233caf06e9d8a0577824723b44e6648ee0a2aedb6cf9381953",
                "sha256:dcdd193e30abefd5debf142f9adfcdd2b58004e644f25406ffaebd50bd98dacb"
            ],
            "markers": "python_version >= '3.9'",
            "version": "==2.10.1"
        },
        "python-dotenv": {
            "hashes": [
                "sha256:42667e897e16ab0d66954af0e60a9caa94f0fd4ecf3aaf6d2d260eec1aa36ad6",
                "sha256:b81ee9561e9ca4004139c6cbba3a238c32b03e4894671e181b671e8cb8425d61"
            ],
            "index": "pypi",
            "markers": "python_version >= '3.9'",
            "version": "==1.2.1"
        },
        "sniffio": {
            "hashes": [
                "sha256:2f6da418d1f1e0fddd844478f41680e794e6051915791a034ff65e5f100525a2",
                "sha256:f4324edc670a0f49750a81b895f35c3adb843cca46f0530f79fc1babb23789dc"
            ],
            "markers": "python_version >= '3.7'",
            "version": "==1.3.1"
        },
        "sqlparse": {
            "hashes": [
                "sha256:09f67787f56a0b16ecdbde1bfc7f5d9c3371ca683cfeaa8e6ff60b4807ec9272",
                "sha256:cf2196ed3418f3ba5de6af7e82c694a9fbdbfecccdfc72e281548517081f16ca"
            ],
            "markers": "python_version >= '3.8'",
            "version": "==0.5.3"
        },
        "typing-extensions": {
            "hashes": [
                "sha256:0cea48d173cc12fa28ecabc3b837ea3cf6f38c6d1136f85cbaaf598984861466",
                "sha256:f0fa19c6845758ab08074a0cfa8b7aecb71c999ca73d62883bc25cc018c4e548"
            ],
            "markers": "python_version >= '3.9'",
            "version": "==4.15.0"
        },
        "typing-inspection": {
            "hashes": [
                "sha256:4ed1cacbdc298c220f1bd249ed5287caa16f34d44ef4e9c3d0cbad5b521545e7",
                "sha256:ba561c48a67c5958007083d386c3295464928b01faa735ab8547c5692e87f464"
            ],
            "markers": "python_version >= '3.9'",
            "version": "==0.4.2"
        },
        "tzdata": {
            "hashes": [
                "sha256:1a403fada01ff9221ca8044d701868fa132215d84beb92242d9acd2147f667a8",
                "sha256:b60a638fcc0daffadf82fe0f57e53d06bdec2f36c4df66280ae79bce6bd6f2b9"
            ],
            "markers": "python_version >= '2'",
            "version": "==2025.2"
        },
        "uvicorn": {
            "hashes": [
                "sha256:48c0afd214ceb59340075b4a052ea1ee91c16fbc2a9b1469cca0e54566977b02",
                "sha256:fd97093bdd120a2609fc0d3afe931d4d4ad688b6e75f0f929fde1bc36fe0e91d"
            ],
            "index": "pypi",
            "markers": "python_version >= '3.9'",
            "version": "==0.38.0"
        },
        "whitenoise": {
            "hashes": [
                "sha256:0f5bfce6061ae6611cd9396a8231e088722e4fc67bc13a111be74c738d99375f",
                "sha256:b2aeb45950597236f53b5342b3121c5de69c8da0109362aee506ce88e022d258"
            ],
            "index": "pypi",
            "markers": "python_version >= '3.9'",
            "version": "==6.11.0"
        },
        "wrapt": {
            "hashes": [
                "sha256:02b551d101f31694fc785e58e0720ef7d9a10c4e62c1c9358ce6f63f23e30a56",
                "sha256:042ec3bb8f319c147b1301f2393bc19dba6e176b7da446853406d041c36c7828",
                "sha256:0610b46293c59a3adbae3dee552b648b984176f8562ee0dba099a56cfbe4df1f",
                "sha256:0b02e424deef65c9f7326d8c19220a2c9040c51dc165cddb732f16198c168396",
                "sha256:0b1831115c97f0663cb77aa27d381237e73ad4f721391a9bfb2fe8bc25fa6e77",
                "sha256:0ed61b7c2d49cee3c027372df5809a59d60cf1b6c2f81ee980a091f3afed6a2d",
                "sha256:0f5f51a6466667a5a356e6381d362d259125b57f059103dd9fdc8c0cf1d14139",
                "sha256:16ecf15d6af39246fe33e507105d67e4b81d8f8d2c6598ff7e3ca1b8a37213f7",
                "sha256:1f0b2f40cf341ee8cc1a97d51ff50dddb9fcc73241b9143ec74b30fc4f44f6cb",
                "sha256:1f23fa283f51c890eda8e34e4937079114c74b4c81d2b2f1f1d94948f5cc3d7f",
                "sha256:223db574bb38637e8230eb14b185565023ab624474df94d2af18f1cdb625216f",
                "sha256:249f88ed15503f6492a71f01442abddd73856a0032ae860de6d75ca62eed8067",
                "sha256:24c2ed34dc222ed754247a2702b1e1e89fdbaa4016f324b4b8f1a802d4ffe87f",
                "sha256:273a736c4645e63ac582c60a56b0acb529ef07f78e08dc6bfadf6a46b19c0da7",
                "sha256:281262213373b6d5e4bb4353bc36d1ba4084e6d6b5d242863721ef2bf2c2930b",
                "sha256:30ce38e66630599e1193798285706903110d4f057aab3168a34b7fdc85569afc",
                "sha256:33486899acd2d7d3066156b03465b949da3fd41a5da6e394ec49d271baefcf05",
                "sha256:343e44b2a8e60e06a7e0d29c1671a0d9951f59174f3709962b5143f60a2a98bd",
                "sha256:373342dd05b1d07d752cecbec0c41817231f29f3a89aa8b8843f7b95992ed0c7",
                "sha256:3af60380ba0b7b5aeb329bc4e402acd25bd877e98b3727b0135cb5c2efdaefe9",
                "sha256:3e62d15d3cfa26e3d0788094de7b64efa75f3a53875cdbccdf78547aed547a81",
                "sha256:41b1d2bc74c2cac6f9074df52b2efbef2b30bdfe5f40cb78f8ca22963bc62977",
                "sha256:423ed5420ad5f5529db9ce89eac09c8a2f97da18eb1c870237e84c5a5c2d60aa",
                "sha256:46acc57b331e0b3bcb3e1ca3b421d65637915cfcd65eb783cb2f78a511193f9b",
                "sha256:4da9f45279fff3543c371d5ababc57a0384f70be244de7759c85a7f989cb4ebe",
                "sha256:507553480670cab08a800b9463bdb881b2edeed77dc677b0a5915e6106e91a58",
                "sha256:53e5e39ff71b3fc484df8a522c933ea2b7cdd0d5d15ae82e5b23fde87d44cbd8",
                "sha256:54a30837587c6ee3cd1a4d1c2ec5d24e77984d44e2f34547e2323ddb4e22eb77",
                "sha256:5531d911795e3f935a9c23eb1c8c03c211661a5060aab167065896bbf62a5f85",
                "sha256:55cbbc356c2842f39bcc553cf695932e8b30e30e797f961860afb308e6b1bb7c",
                "sha256:59923aa12d0157f6b82d686c3fd8e1166fa8cdfb3e17b42ce3b6147ff81528df",
                "sha256:5a03a38adec8066d5a37bea22f2ba6bbf39fcdefbe2d91419ab864c3fb515454",
                "sha256:5a7b3c1ee8265eb4c8f1b7d29943f195c00673f5ab60c192eba2d4a7eae5f46a",
                "sha256:5d4478d72eb61c36e5b446e375bbc49ed002430d17cdec3cecb36993398e1a9e",
                "sha256:5ea5eb3c0c071862997d6f3e02af1d055f381b1d25b286b9d6644b79db77657c",
                "sha256:604d076c55e2fdd4c1c03d06dc1a31b95130010517b5019db15365ec4a405fc6",
                "sha256:656873859b3b50eeebe6db8b1455e99d90c26ab058db8e427046dbc35c3140a5",
                "sha256:65d1d00fbfb3ea5f20add88bbc0f815150dbbde3b026e6c24759466c8b5a9ef9",
                "sha256:6b538e31eca1a7ea4605e44f81a48aa24c4632a277431a6ed3f328835901f4fd",
                "sha256:6fd1ad24dc235e4ab88cda009e19bf347aabb975e44fd5c2fb22a3f6e4141277",
                "sha256:70d86fa5197b8947a2fa70260b48e400bf2ccacdcab97bb7de47e3d1e6312225",
                "sha256:7171ae35d2c33d326ac19dd8facb1e82e5fd04ef8c6c0e394d7af55a55051c22",
                "sha256:73d496de46cd2cdbdbcce4ae4bcdb4afb6a11234a1df9c085249d55166b95116",
                "sha256:7425ac3c54430f5fc5e7b6f41d41e704db073309acfc09305816bc6a0b26bb16",
                "sha256:74afa28374a3c3a11b3b5e5fca0ae03bef8450d6aa3ab3a1e2c30e3a75d023dc",
                "sha256:758895b01d546812d1f42204bd443b8c433c44d090248bf22689df673ccafe00",
                "sha256:79573c24a46ce11aab457b472efd8d125e5a51da2d1d24387666cd85f54c05b2",
                "sha256:7e18f01b0c3e4a07fe6dfdb00e29049ba17eadbc5e7609a2a3a4af83ab7d710a",
                "sha256:88547535b787a6c9ce4086917b6e1d291aa8ed914fdd3a838b3539dc95c12804",
                "sha256:88bbae4d40d5a46142e70d58bf664a89b6b4befaea7b2ecc14e03cedb8e06c04",
                "sha256:8cccf4f81371f257440c88faed6b74f1053eef90807b77e31ca057b2db74edb1",
                "sha256:9baa544e6acc91130e926e8c802a17f3b16fbea0fd441b5a60f5cf2cc5c3deba",
                "sha256:a36692b8491d30a8c75f1dfee65bef119d6f39ea84ee04d9f9311f83c5ad9390",
                "sha256:a47681378a0439215912ef542c45a783484d4dd82bac412b71e59cf9c0e1cea0",
                "sha256:a7c06742645f914f26c7f1fa47b8bc4c91d222f76ee20116c43d5ef0912bba2d",
                "sha256:a9a2203361a6e6404f80b99234fe7fb37d1fc73487b5a78dc1aa5b97201e0f22",
                "sha256:ab232e7fdb44cdfbf55fc3afa31bcdb0d8980b9b95c38b6405df2acb672af0e0",
                "sha256:ad85e269fe54d506b240d2d7b9f5f2057c2aa9a2ea5b32c66f8902f768117ed2",
                "sha256:af338aa93554be859173c39c85243970dc6a289fa907402289eeae7543e1ae18",
                "sha256:afd964fd43b10c12213574db492cb8f73b2f0826c8df07a68288f8f19af2ebe6",
                "sha256:b32888aad8b6e68f83a8fdccbf3165f5469702a7544472bdf41f582970ed3311",
                "sha256:c31eebe420a9a5d2887b13000b043ff6ca27c452a9a22fa71f35f118e8d4bf89",
                "sha256:caea3e9c79d5f0d2c6d9ab96111601797ea5da8e6d0723f77eabb0d4068d2b2f",
                "sha256:cf30f6e3c077c8e6a9a7809c94551203c8843e74ba0c960f4a98cd80d4665d39",
                "sha256:d40770d7c0fd5cbed9d84b2c3f2e156431a12c9a37dc6284060fb4bec0b7ffd4",
                "sha256:d8a210b158a34164de8bb68b0e7780041a903d7b00c87e906fb69928bf7890d5",
                "sha256:dc4a8d2b25efb6681ecacad42fca8859f88092d8732b170de6a5dddd80a1c8fa",
                "sha256:df7d30371a2accfe4013e90445f6388c570f103d61019b6b7c57e0265250072a",
                "sha256:e01375f275f010fcbf7f643b4279896d04e571889b8a5b3f848423d91bf07050",
                "sha256:e1a4120ae5705f673727d3253de3ed0e016f7cd78dc463db1b31e2463e1f3cf6",
                "sha256:e228514a06843cae89621384cfe3a80418f3c04aadf8a3b14e46a7be704e4235",
                "sha256:e405adefb53a435f01efa7ccdec012c016b5a1d3f35459990afc39b6be4d5056",
                "sha256:e6b13af258d6a9ad602d57d889f83b9d5543acd471eee12eb51f5b01f8eb1bc2",
                "sha256:e6f40a8aa5a92f150bdb3e1c44b7e98fb7113955b2e5394122fa5532fec4b418",
                "sha256:e71d5c6ebac14875668a1e90baf2ea0ef5b7ac7918355850c0908ae82bcb297c",
                "sha256:ed7c635ae45cfbc1a7371f708727bf74690daedc49b4dba310590ca0bd28aa8a",
                "sha256:f38e60678850c42461d4202739f9bf1e3a737c7ad283638251e79cc49effb6b6",
                "sha256:f66eb08feaa410fe4eebd17f2a2c8e2e46d3476e9f8c783daa8e09e0faa666d0",
                "sha256:f9b2601381be482f70e5d1051a5965c25fb3625455a2bf520b5a077b22afb775",
                "sha256:fbd3c8319de8e1dc79d346929cd71d523622da527cca14e0c1d257e31c2b8b10",
                "sha256:fd341868a4b6714a5962c1af0bd44f7c404ef78720c7de4892901e540417111c"
            ],
            "markers": "python_version >= '3.8'",
            "version": "==1.17.3"
        }
    },
    "develop": {}
}
